{
  "requires": true,
  "lockfileVersion": 1,
  "dependencies": {
    "@ionic/angular": {
      "version": "5.0.0-rc.3",
      "resolved": "https://registry.npmjs.org/@ionic/angular/-/angular-5.0.0-rc.3.tgz",
      "integrity": "sha512-ODuGjLhrM6T7GDcW83vZj4dRy/kF1r9Bwyastqyy9NGwOwMtb4Ep32Kai+mnTbbLvefNwLXyQEJpxySMv0NTAA==",
      "requires": {
        "@ionic/core": "5.0.0-rc.3",
        "tslib": "^1.9.3"
      }
    },
    "@ionic/core": {
      "version": "5.0.0-rc.3",
      "resolved": "https://registry.npmjs.org/@ionic/core/-/core-5.0.0-rc.3.tgz",
      "integrity": "sha512-3fIVUIVXlClAOjg/eqFYmxYPJr9+2KvYrGtTl0qQFy0Obwvog6VGZJ62eqoZxuJB9Qeg6wdrDqDbHWMa0ksIpg==",
      "requires": {
        "ionicons": "5.0.0-17",
        "tslib": "^1.10.0"
      }
    },
    "ionicons": {
      "version": "5.0.0-17",
      "resolved": "https://registry.npmjs.org/ionicons/-/ionicons-5.0.0-17.tgz",
      "integrity": "sha512-Ih63KBQiPLTnEkCyC/g3fBWl2c0Id7581opRzHe6cxO2Vs6vymskkhdinEUwAYuqUvJY3mYasxpMqSF5W5GLsQ=="
    },
    "tslib": {
      "version": "1.14.1",
      "resolved": "https://registry.npmjs.org/tslib/-/tslib-1.14.1.tgz",
      "integrity": "sha512-Xni35NKzjgMrwevysHTCArtLDpPvye8zV/0E4EyYn43P7/7qvQwPh9BGkHewbMulVntbigmcT7rdX3BNo9wRJg=="
    }
  }
}
